
Microsoft Visual Studio Solution File, Format Version 12.00
# Visual Studio Version 17
VisualStudioVersion = 17.3.32929.385
MinimumVisualStudioVersion = 10.0.40219.1
Project("{FAE04EC0-301F-11D3-BF4B-00C04F79EFBC}") = "OOP-Tam.LeNgocTai", "OOP-Tam.LeNgocTai\OOP-Tam.LeNgocTai.csproj", "{07021CE1-9C07-46D6-BA60-C8E968FA5985}"
EndProject
Global
	GlobalSection(SolutionConfigurationPlatforms) = preSolution
		Debug|Any CPU = Debug|Any CPU
		Release|Any CPU = Release|Any CPU
	EndGlobalSection
	GlobalSection(ProjectConfigurationPlatforms) = postSolution
		{07021CE1-9C07-46D6-BA60-C8E968FA5985}.Debug|Any CPU.ActiveCfg = Debug|Any CPU
		{07021CE1-9C07-46D6-BA60-C8E968FA5985}.Debug|Any CPU.Build.0 = Debug|Any CPU
		{07021CE1-9C07-46D6-BA60-C8E968FA5985}.Release|Any CPU.ActiveCfg = Release|Any CPU
		{07021CE1-9C07-46D6-BA60-C8E968FA5985}.Release|Any CPU.Build.0 = Release|Any CPU
	EndGlobalSection
	GlobalSection(SolutionProperties) = preSolution
		HideSolutionNode = FALSE
	EndGlobalSection
	GlobalSection(ExtensibilityGlobals) = postSolution
		SolutionGuid = {919418AE-C8EF-4450-AAD2-C4EE0832A3D9}
	EndGlobalSection
EndGlobal
